// !$*UTF8*$!
{
	archiveVersion = 1;
	classes = {
	};
	objectVersion = 48;
	objects = {

/* Begin PBXBuildFile section */
		A153B2A21FC830B10086FA19 /* AppDelegate.swift in Sources */ = {isa = PBXBuildFile; fileRef = A153B2A11FC830B10086FA19 /* AppDelegate.swift */; };
		A153B2A41FC830B10086FA19 /* ViewController.swift in Sources */ = {isa = PBXBuildFile; fileRef = A153B2A31FC830B10086FA19 /* ViewController.swift */; };
		A153B2A61FC830B10086FA19 /* Assets.xcassets in Resources */ = {isa = PBXBuildFile; fileRef = A153B2A51FC830B10086FA19 /* Assets.xcassets */; };
		A153B2A91FC830B10086FA19 /* Main.storyboard in Resources */ = {isa = PBXBuildFile; fileRef = A153B2A71FC830B10086FA19 /* Main.storyboard */; };
		A153B2B51FC830B20086FA19 /* Clip_ManagerTests.swift in Sources */ = {isa = PBXBuildFile; fileRef = A153B2B41FC830B20086FA19 /* Clip_ManagerTests.swift */; };
		A153B2C01FC830B20086FA19 /* Clip_ManagerUITests.swift in Sources */ = {isa = PBXBuildFile; fileRef = A153B2BF1FC830B20086FA19 /* Clip_ManagerUITests.swift */; };
		A153B2E81FCAB4AA0086FA19 /* SoundManager.swift in Sources */ = {isa = PBXBuildFile; fileRef = A153B2E71FCAB4AA0086FA19 /* SoundManager.swift */; };
		A153B2EB1FCAB61F0086FA19 /* AudioToolbox.framework in Frameworks */ = {isa = PBXBuildFile; fileRef = A153B2EA1FCAB6190086FA19 /* AudioToolbox.framework */; };
		A153B2F51FCB60DB0086FA19 /* AMCoreAudio.framework in Frameworks */ = {isa = PBXBuildFile; fileRef = A153B2F31FCB5F660086FA19 /* AMCoreAudio.framework */; };
		A153B2F61FCB60DB0086FA19 /* AMCoreAudio.framework in Embed Frameworks */ = {isa = PBXBuildFile; fileRef = A153B2F31FCB5F660086FA19 /* AMCoreAudio.framework */; settings = {ATTRIBUTES = (CodeSignOnCopy, RemoveHeadersOnCopy, ); }; };
		A153B2FD1FCD43BC0086FA19 /* Clip.swift in Sources */ = {isa = PBXBuildFile; fileRef = A153B2FC1FCD43BC0086FA19 /* Clip.swift */; };
		A153B3001FCDCE6F0086FA19 /* ClipCollectionViewItem.swift in Sources */ = {isa = PBXBuildFile; fileRef = A153B2FE1FCDCE6F0086FA19 /* ClipCollectionViewItem.swift */; };
		A153B3011FCDCE6F0086FA19 /* ClipCollectionViewItem.xib in Resources */ = {isa = PBXBuildFile; fileRef = A153B2FF1FCDCE6F0086FA19 /* ClipCollectionViewItem.xib */; };
		A1A23E371FD0B46A00689C25 /* SoundManagerProgressDelegate.swift in Sources */ = {isa = PBXBuildFile; fileRef = A1A23E361FD0B46A00689C25 /* SoundManagerProgressDelegate.swift */; };
		A1C9963C1FCF685F009944A1 /* SoundManagerDelegate.swift in Sources */ = {isa = PBXBuildFile; fileRef = A1C9963B1FCF685F009944A1 /* SoundManagerDelegate.swift */; };
/* End PBXBuildFile section */

/* Begin PBXContainerItemProxy section */
		A153B2B11FC830B20086FA19 /* PBXContainerItemProxy */ = {
			isa = PBXContainerItemProxy;
			containerPortal = A153B2961FC830B10086FA19 /* Project object */;
			proxyType = 1;
			remoteGlobalIDString = A153B29D1FC830B10086FA19;
			remoteInfo = "Clip Manager";
		};
		A153B2BC1FC830B20086FA19 /* PBXContainerItemProxy */ = {
			isa = PBXContainerItemProxy;
			containerPortal = A153B2961FC830B10086FA19 /* Project object */;
			proxyType = 1;
			remoteGlobalIDString = A153B29D1FC830B10086FA19;
			remoteInfo = "Clip Manager";
		};
/* End PBXContainerItemProxy section */

/* Begin PBXCopyFilesBuildPhase section */
		A153B2F71FCB60DB0086FA19 /* Embed Frameworks */ = {
			isa = PBXCopyFilesBuildPhase;
			buildActionMask = 2147483647;
			dstPath = "";
			dstSubfolderSpec = 10;
			files = (
				A153B2F61FCB60DB0086FA19 /* AMCoreAudio.framework in Embed Frameworks */,
			);
			name = "Embed Frameworks";
			runOnlyForDeploymentPostprocessing = 0;
		};
/* End PBXCopyFilesBuildPhase section */

/* Begin PBXFileReference section */
		A153B29E1FC830B10086FA19 /* Clip Manager.app */ = {isa = PBXFileReference; explicitFileType = wrapper.application; includeInIndex = 0; path = "Clip Manager.app"; sourceTree = BUILT_PRODUCTS_DIR; };
		A153B2A11FC830B10086FA19 /* AppDelegate.swift */ = {isa = PBXFileReference; lastKnownFileType = sourcecode.swift; path = AppDelegate.swift; sourceTree = "<group>"; };
		A153B2A31FC830B10086FA19 /* ViewController.swift */ = {isa = PBXFileReference; lastKnownFileType = sourcecode.swift; path = ViewController.swift; sourceTree = "<group>"; };
		A153B2A51FC830B10086FA19 /* Assets.xcassets */ = {isa = PBXFileReference; lastKnownFileType = folder.assetcatalog; path = Assets.xcassets; sourceTree = "<group>"; };
		A153B2A81FC830B10086FA19 /* Base */ = {isa = PBXFileReference; lastKnownFileType = file.storyboard; name = Base; path = Base.lproj/Main.storyboard; sourceTree = "<group>"; };
		A153B2AA1FC830B10086FA19 /* Info.plist */ = {isa = PBXFileReference; lastKnownFileType = text.plist.xml; path = Info.plist; sourceTree = "<group>"; };
		A153B2AB1FC830B10086FA19 /* Clip_Manager.entitlements */ = {isa = PBXFileReference; lastKnownFileType = text.plist.entitlements; path = Clip_Manager.entitlements; sourceTree = "<group>"; };
		A153B2B01FC830B20086FA19 /* Clip ManagerTests.xctest */ = {isa = PBXFileReference; explicitFileType = wrapper.cfbundle; includeInIndex = 0; path = "Clip ManagerTests.xctest"; sourceTree = BUILT_PRODUCTS_DIR; };
		A153B2B41FC830B20086FA19 /* Clip_ManagerTests.swift */ = {isa = PBXFileReference; lastKnownFileType = sourcecode.swift; path = Clip_ManagerTests.swift; sourceTree = "<group>"; };
		A153B2B61FC830B20086FA19 /* Info.plist */ = {isa = PBXFileReference; lastKnownFileType = text.plist.xml; path = Info.plist; sourceTree = "<group>"; };
		A153B2BB1FC830B20086FA19 /* Clip ManagerUITests.xctest */ = {isa = PBXFileReference; explicitFileType = wrapper.cfbundle; includeInIndex = 0; path = "Clip ManagerUITests.xctest"; sourceTree = BUILT_PRODUCTS_DIR; };
		A153B2BF1FC830B20086FA19 /* Clip_ManagerUITests.swift */ = {isa = PBXFileReference; lastKnownFileType = sourcecode.swift; path = Clip_ManagerUITests.swift; sourceTree = "<group>"; };
		A153B2C11FC830B20086FA19 /* Info.plist */ = {isa = PBXFileReference; lastKnownFileType = text.plist.xml; path = Info.plist; sourceTree = "<group>"; };
		A153B2E71FCAB4AA0086FA19 /* SoundManager.swift */ = {isa = PBXFileReference; lastKnownFileType = sourcecode.swift; path = SoundManager.swift; sourceTree = "<group>"; };
		A153B2EA1FCAB6190086FA19 /* AudioToolbox.framework */ = {isa = PBXFileReference; lastKnownFileType = wrapper.framework; name = AudioToolbox.framework; path = System/Library/Frameworks/AudioToolbox.framework; sourceTree = SDKROOT; };
		A153B2F31FCB5F660086FA19 /* AMCoreAudio.framework */ = {isa = PBXFileReference; lastKnownFileType = wrapper.framework; name = AMCoreAudio.framework; path = "Clip Manager/AMCoreAudio.framework"; sourceTree = "<group>"; };
		A153B2FC1FCD43BC0086FA19 /* Clip.swift */ = {isa = PBXFileReference; lastKnownFileType = sourcecode.swift; path = Clip.swift; sourceTree = "<group>"; };
		A153B2FE1FCDCE6F0086FA19 /* ClipCollectionViewItem.swift */ = {isa = PBXFileReference; lastKnownFileType = sourcecode.swift; path = ClipCollectionViewItem.swift; sourceTree = "<group>"; };
		A153B2FF1FCDCE6F0086FA19 /* ClipCollectionViewItem.xib */ = {isa = PBXFileReference; lastKnownFileType = file.xib; path = ClipCollectionViewItem.xib; sourceTree = "<group>"; };
		A1A23E361FD0B46A00689C25 /* SoundManagerProgressDelegate.swift */ = {isa = PBXFileReference; lastKnownFileType = sourcecode.swift; path = SoundManagerProgressDelegate.swift; sourceTree = "<group>"; };
		A1C9963B1FCF685F009944A1 /* SoundManagerDelegate.swift */ = {isa = PBXFileReference; lastKnownFileType = sourcecode.swift; path = SoundManagerDelegate.swift; sourceTree = "<group>"; };
/* End PBXFileReference section */

/* Begin PBXFrameworksBuildPhase section */
		A153B29B1FC830B10086FA19 /* Frameworks */ = {
			isa = PBXFrameworksBuildPhase;
			buildActionMask = 2147483647;
			files = (
				A153B2F51FCB60DB0086FA19 /* AMCoreAudio.framework in Frameworks */,
				A153B2EB1FCAB61F0086FA19 /* AudioToolbox.framework in Frameworks */,
			);
			runOnlyForDeploymentPostprocessing = 0;
		};
		A153B2AD1FC830B20086FA19 /* Frameworks */ = {
			isa = PBXFrameworksBuildPhase;
			buildActionMask = 2147483647;
			files = (
			);
			runOnlyForDeploymentPostprocessing = 0;
		};
		A153B2B81FC830B20086FA19 /* Frameworks */ = {
			isa = PBXFrameworksBuildPhase;
			buildActionMask = 2147483647;
			files = (
			);
			runOnlyForDeploymentPostprocessing = 0;
		};
/* End PBXFrameworksBuildPhase section */

/* Begin PBXGroup section */
		A153B2951FC830B10086FA19 = {
			isa = PBXGroup;
			children = (
				A153B2A01FC830B10086FA19 /* Clip Manager */,
				A153B2B31FC830B20086FA19 /* Clip ManagerTests */,
				A153B2BE1FC830B20086FA19 /* Clip ManagerUITests */,
				A153B29F1FC830B10086FA19 /* Products */,
				A153B2E91FCAB6190086FA19 /* Frameworks */,
			);
			sourceTree = "<group>";
		};
		A153B29F1FC830B10086FA19 /* Products */ = {
			isa = PBXGroup;
			children = (
				A153B29E1FC830B10086FA19 /* Clip Manager.app */,
				A153B2B01FC830B20086FA19 /* Clip ManagerTests.xctest */,
				A153B2BB1FC830B20086FA19 /* Clip ManagerUITests.xctest */,
			);
			name = Products;
			sourceTree = "<group>";
		};
		A153B2A01FC830B10086FA19 /* Clip Manager */ = {
			isa = PBXGroup;
			children = (
				A153B2A11FC830B10086FA19 /* AppDelegate.swift */,
				A153B2A31FC830B10086FA19 /* ViewController.swift */,
				A153B2E71FCAB4AA0086FA19 /* SoundManager.swift */,
				A1C9963B1FCF685F009944A1 /* SoundManagerDelegate.swift */,
				A1A23E361FD0B46A00689C25 /* SoundManagerProgressDelegate.swift */,
				A153B2A51FC830B10086FA19 /* Assets.xcassets */,
				A153B2A71FC830B10086FA19 /* Main.storyboard */,
				A153B2AA1FC830B10086FA19 /* Info.plist */,
				A153B2AB1FC830B10086FA19 /* Clip_Manager.entitlements */,
				A153B2FC1FCD43BC0086FA19 /* Clip.swift */,
				A153B2FE1FCDCE6F0086FA19 /* ClipCollectionViewItem.swift */,
				A153B2FF1FCDCE6F0086FA19 /* ClipCollectionViewItem.xib */,
			);
			path = "Clip Manager";
			sourceTree = "<group>";
		};
		A153B2B31FC830B20086FA19 /* Clip ManagerTests */ = {
			isa = PBXGroup;
			children = (
				A153B2B41FC830B20086FA19 /* Clip_ManagerTests.swift */,
				A153B2B61FC830B20086FA19 /* Info.plist */,
			);
			path = "Clip ManagerTests";
			sourceTree = "<group>";
		};
		A153B2BE1FC830B20086FA19 /* Clip ManagerUITests */ = {
			isa = PBXGroup;
			children = (
				A153B2BF1FC830B20086FA19 /* Clip_ManagerUITests.swift */,
				A153B2C11FC830B20086FA19 /* Info.plist */,
			);
			path = "Clip ManagerUITests";
			sourceTree = "<group>";
		};
		A153B2E91FCAB6190086FA19 /* Frameworks */ = {
			isa = PBXGroup;
			children = (
				A153B2F31FCB5F660086FA19 /* AMCoreAudio.framework */,
				A153B2EA1FCAB6190086FA19 /* AudioToolbox.framework */,
			);
			name = Frameworks;
			sourceTree = "<group>";
		};
/* End PBXGroup section */

/* Begin PBXNativeTarget section */
		A153B29D1FC830B10086FA19 /* Clip Manager */ = {
			isa = PBXNativeTarget;
			buildConfigurationList = A153B2C41FC830B20086FA19 /* Build configuration list for PBXNativeTarget "Clip Manager" */;
			buildPhases = (
				A153B29A1FC830B10086FA19 /* Sources */,
				A153B29B1FC830B10086FA19 /* Frameworks */,
				A153B29C1FC830B10086FA19 /* Resources */,
				A153B2F71FCB60DB0086FA19 /* Embed Frameworks */,
			);
			buildRules = (
			);
			dependencies = (
			);
			name = "Clip Manager";
			productName = "Clip Manager";
			productReference = A153B29E1FC830B10086FA19 /* Clip Manager.app */;
			productType = "com.apple.product-type.application";
		};
		A153B2AF1FC830B20086FA19 /* Clip ManagerTests */ = {
			isa = PBXNativeTarget;
			buildConfigurationList = A153B2C71FC830B20086FA19 /* Build configuration list for PBXNativeTarget "Clip ManagerTests" */;
			buildPhases = (
				A153B2AC1FC830B20086FA19 /* Sources */,
				A153B2AD1FC830B20086FA19 /* Frameworks */,
				A153B2AE1FC830B20086FA19 /* Resources */,
			);
			buildRules = (
			);
			dependencies = (
				A153B2B21FC830B20086FA19 /* PBXTargetDependency */,
			);
			name = "Clip ManagerTests";
			productName = "Clip ManagerTests";
			productReference = A153B2B01FC830B20086FA19 /* Clip ManagerTests.xctest */;
			productType = "com.apple.product-type.bundle.unit-test";
		};
		A153B2BA1FC830B20086FA19 /* Clip ManagerUITests */ = {
			isa = PBXNativeTarget;
			buildConfigurationList = A153B2CA1FC830B20086FA19 /* Build configuration list for PBXNativeTarget "Clip ManagerUITests" */;
			buildPhases = (
				A153B2B71FC830B20086FA19 /* Sources */,
				A153B2B81FC830B20086FA19 /* Frameworks */,
				A153B2B91FC830B20086FA19 /* Resources */,
			);
			buildRules = (
			);
			dependencies = (
				A153B2BD1FC830B20086FA19 /* PBXTargetDependency */,
			);
			name = "Clip ManagerUITests";
			productName = "Clip ManagerUITests";
			productReference = A153B2BB1FC830B20086FA19 /* Clip ManagerUITests.xctest */;
			productType = "com.apple.product-type.bundle.ui-testing";
		};
/* End PBXNativeTarget section */

/* Begin PBXProject section */
		A153B2961FC830B10086FA19 /* Project object */ = {
			isa = PBXProject;
			attributes = {
				LastSwiftUpdateCheck = 0910;
				LastUpgradeCheck = 0910;
				ORGANIZATIONNAME = "Andreas Graulund";
				TargetAttributes = {
					A153B29D1FC830B10086FA19 = {
						CreatedOnToolsVersion = 9.1;
						ProvisioningStyle = Automatic;
					};
					A153B2AF1FC830B20086FA19 = {
						CreatedOnToolsVersion = 9.1;
						ProvisioningStyle = Automatic;
						TestTargetID = A153B29D1FC830B10086FA19;
					};
					A153B2BA1FC830B20086FA19 = {
						CreatedOnToolsVersion = 9.1;
						ProvisioningStyle = Automatic;
						TestTargetID = A153B29D1FC830B10086FA19;
					};
				};
			};
			buildConfigurationList = A153B2991FC830B10086FA19 /* Build configuration list for PBXProject "Clip Manager" */;
			compatibilityVersion = "Xcode 8.0";
			developmentRegion = en;
			hasScannedForEncodings = 0;
			knownRegions = (
				en,
				Base,
			);
			mainGroup = A153B2951FC830B10086FA19;
			productRefGroup = A153B29F1FC830B10086FA19 /* Products */;
			projectDirPath = "";
			projectRoot = "";
			targets = (
				A153B29D1FC830B10086FA19 /* Clip Manager */,
				A153B2AF1FC830B20086FA19 /* Clip ManagerTests */,
				A153B2BA1FC830B20086FA19 /* Clip ManagerUITests */,
			);
		};
/* End PBXProject section */

/* Begin PBXResourcesBuildPhase section */
		A153B29C1FC830B10086FA19 /* Resources */ = {
			isa = PBXResourcesBuildPhase;
			buildActionMask = 2147483647;
			files = (
				A153B2A61FC830B10086FA19 /* Assets.xcassets in Resources */,
				A153B3011FCDCE6F0086FA19 /* ClipCollectionViewItem.xib in Resources */,
				A153B2A91FC830B10086FA19 /* Main.storyboard in Resources */,
			);
			runOnlyForDeploymentPostprocessing = 0;
		};
		A153B2AE1FC830B20086FA19 /* Resources */ = {
			isa = PBXResourcesBuildPhase;
			buildActionMask = 2147483647;
			files = (
			);
			runOnlyForDeploymentPostprocessing = 0;
		};
		A153B2B91FC830B20086FA19 /* Resources */ = {
			isa = PBXResourcesBuildPhase;
			buildActionMask = 2147483647;
			files = (
			);
			runOnlyForDeploymentPostprocessing = 0;
		};
/* End PBXResourcesBuildPhase section */

/* Begin PBXSourcesBuildPhase section */
		A153B29A1FC830B10086FA19 /* Sources */ = {
			isa = PBXSourcesBuildPhase;
			buildActionMask = 2147483647;
			files = (
				A1A23E371FD0B46A00689C25 /* SoundManagerProgressDelegate.swift in Sources */,
				A153B2A41FC830B10086FA19 /* ViewController.swift in Sources */,
				A153B2FD1FCD43BC0086FA19 /* Clip.swift in Sources */,
				A153B2A21FC830B10086FA19 /* AppDelegate.swift in Sources */,
				A153B2E81FCAB4AA0086FA19 /* SoundManager.swift in Sources */,
				A1C9963C1FCF685F009944A1 /* SoundManagerDelegate.swift in Sources */,
				A153B3001FCDCE6F0086FA19 /* ClipCollectionViewItem.swift in Sources */,
			);
			runOnlyForDeploymentPostprocessing = 0;
		};
		A153B2AC1FC830B20086FA19 /* Sources */ = {
			isa = PBXSourcesBuildPhase;
			buildActionMask = 2147483647;
			files = (
				A153B2B51FC830B20086FA19 /* Clip_ManagerTests.swift in Sources */,
			);
			runOnlyForDeploymentPostprocessing = 0;
		};
		A153B2B71FC830B20086FA19 /* Sources */ = {
			isa = PBXSourcesBuildPhase;
			buildActionMask = 2147483647;
			files = (
				A153B2C01FC830B20086FA19 /* Clip_ManagerUITests.swift in Sources */,
			);
			runOnlyForDeploymentPostprocessing = 0;
		};
/* End PBXSourcesBuildPhase section */

/* Begin PBXTargetDependency section */
		A153B2B21FC830B20086FA19 /* PBXTargetDependency */ = {
			isa = PBXTargetDependency;
			target = A153B29D1FC830B10086FA19 /* Clip Manager */;
			targetProxy = A153B2B11FC830B20086FA19 /* PBXContainerItemProxy */;
		};
		A153B2BD1FC830B20086FA19 /* PBXTargetDependency */ = {
			isa = PBXTargetDependency;
			target = A153B29D1FC830B10086FA19 /* Clip Manager */;
			targetProxy = A153B2BC1FC830B20086FA19 /* PBXContainerItemProxy */;
		};
/* End PBXTargetDependency section */

/* Begin PBXVariantGroup section */
		A153B2A71FC830B10086FA19 /* Main.storyboard */ = {
			isa = PBXVariantGroup;
			children = (
				A153B2A81FC830B10086FA19 /* Base */,
			);
			name = Main.storyboard;
			sourceTree = "<group>";
		};
/* End PBXVariantGroup section */

/* Begin XCBuildConfiguration section */
		A153B2C21FC830B20086FA19 /* Debug */ = {
			isa = XCBuildConfiguration;
			buildSettings = {
				ALWAYS_SEARCH_USER_PATHS = NO;
				CLANG_ANALYZER_NONNULL = YES;
				CLANG_ANALYZER_NUMBER_OBJECT_CONVERSION = YES_AGGRESSIVE;
				CLANG_CXX_LANGUAGE_STANDARD = "gnu++14";
				CLANG_CXX_LIBRARY = "libc++";
				CLANG_ENABLE_MODULES = YES;
				CLANG_ENABLE_OBJC_ARC = YES;
				CLANG_WARN_BLOCK_CAPTURE_AUTORELEASING = YES;
				CLANG_WARN_BOOL_CONVERSION = YES;
				CLANG_WARN_COMMA = YES;
				CLANG_WARN_CONSTANT_CONVERSION = YES;
				CLANG_WARN_DIRECT_OBJC_ISA_USAGE = YES_ERROR;
				CLANG_WARN_DOCUMENTATION_COMMENTS = YES;
				CLANG_WARN_EMPTY_BODY = YES;
				CLANG_WARN_ENUM_CONVERSION = YES;
				CLANG_WARN_INFINITE_RECURSION = YES;
				CLANG_WARN_INT_CONVERSION = YES;
				CLANG_WARN_NON_LITERAL_NULL_CONVERSION = YES;
				CLANG_WARN_OBJC_LITERAL_CONVERSION = YES;
				CLANG_WARN_OBJC_ROOT_CLASS = YES_ERROR;
				CLANG_WARN_RANGE_LOOP_ANALYSIS = YES;
				CLANG_WARN_STRICT_PROTOTYPES = YES;
				CLANG_WARN_SUSPICIOUS_MOVE = YES;
				CLANG_WARN_UNGUARDED_AVAILABILITY = YES_AGGRESSIVE;
				CLANG_WARN_UNREACHABLE_CODE = YES;
				CLANG_WARN__DUPLICATE_METHOD_MATCH = YES;
				CODE_SIGN_IDENTITY = "Mac Developer";
				COPY_PHASE_STRIP = NO;
				DEBUG_INFORMATION_FORMAT = dwarf;
				ENABLE_STRICT_OBJC_MSGSEND = YES;
				ENABLE_TESTABILITY = YES;
				GCC_C_LANGUAGE_STANDARD = gnu11;
				GCC_DYNAMIC_NO_PIC = NO;
				GCC_NO_COMMON_BLOCKS = YES;
				GCC_OPTIMIZATION_LEVEL = 0;
				GCC_PREPROCESSOR_DEFINITIONS = (
					"DEBUG=1",
					"$(inherited)",
				);
				GCC_WARN_64_TO_32_BIT_CONVERSION = YES;
				GCC_WARN_ABOUT_RETURN_TYPE = YES_ERROR;
				GCC_WARN_UNDECLARED_SELECTOR = YES;
				GCC_WARN_UNINITIALIZED_AUTOS = YES_AGGRESSIVE;
				GCC_WARN_UNUSED_FUNCTION = YES;
				GCC_WARN_UNUSED_VARIABLE = YES;
				MACOSX_DEPLOYMENT_TARGET = 10.12;
				MTL_ENABLE_DEBUG_INFO = YES;
				ONLY_ACTIVE_ARCH = YES;
				SDKROOT = macosx;
				SWIFT_ACTIVE_COMPILATION_CONDITIONS = DEBUG;
				SWIFT_OPTIMIZATION_LEVEL = "-Onone";
			};
			name = Debug;
		};
		A153B2C31FC830B20086FA19 /* Release */ = {
			isa = XCBuildConfiguration;
			buildSettings = {
				ALWAYS_SEARCH_USER_PATHS = NO;
				CLANG_ANALYZER_NONNULL = YES;
				CLANG_ANALYZER_NUMBER_OBJECT_CONVERSION = YES_AGGRESSIVE;
				CLANG_CXX_LANGUAGE_STANDARD = "gnu++14";
				CLANG_CXX_LIBRARY = "libc++";
				CLANG_ENABLE_MODULES = YES;
				CLANG_ENABLE_OBJC_ARC = YES;
				CLANG_WARN_BLOCK_CAPTURE_AUTORELEASING = YES;
				CLANG_WARN_BOOL_CONVERSION = YES;
				CLANG_WARN_COMMA = YES;
				CLANG_WARN_CONSTANT_CONVERSION = YES;
				CLANG_WARN_DIRECT_OBJC_ISA_USAGE = YES_ERROR;
				CLANG_WARN_DOCUMENTATION_COMMENTS = YES;
				CLANG_WARN_EMPTY_BODY = YES;
				CLANG_WARN_ENUM_CONVERSION = YES;
				CLANG_WARN_INFINITE_RECURSION = YES;
				CLANG_WARN_INT_CONVERSION = YES;
				CLANG_WARN_NON_LITERAL_NULL_CONVERSION = YES;
				CLANG_WARN_OBJC_LITERAL_CONVERSION = YES;
				CLANG_WARN_OBJC_ROOT_CLASS = YES_ERROR;
				CLANG_WARN_RANGE_LOOP_ANALYSIS = YES;
				CLANG_WARN_STRICT_PROTOTYPES = YES;
				CLANG_WARN_SUSPICIOUS_MOVE = YES;
				CLANG_WARN_UNGUARDED_AVAILABILITY = YES_AGGRESSIVE;
				CLANG_WARN_UNREACHABLE_CODE = YES;
				CLANG_WARN__DUPLICATE_METHOD_MATCH = YES;
				CODE_SIGN_IDENTITY = "Mac Developer";
				COPY_PHASE_STRIP = NO;
				DEBUG_INFORMATION_FORMAT = "dwarf-with-dsym";
				ENABLE_NS_ASSERTIONS = NO;
				ENABLE_STRICT_OBJC_MSGSEND = YES;
				GCC_C_LANGUAGE_STANDARD = gnu11;
				GCC_NO_COMMON_BLOCKS = YES;
				GCC_WARN_64_TO_32_BIT_CONVERSION = YES;
				GCC_WARN_ABOUT_RETURN_TYPE = YES_ERROR;
				GCC_WARN_UNDECLARED_SELECTOR = YES;
				GCC_WARN_UNINITIALIZED_AUTOS = YES_AGGRESSIVE;
				GCC_WARN_UNUSED_FUNCTION = YES;
				GCC_WARN_UNUSED_VARIABLE = YES;
				MACOSX_DEPLOYMENT_TARGET = 10.12;
				MTL_ENABLE_DEBUG_INFO = NO;
				SDKROOT = macosx;
				SWIFT_OPTIMIZATION_LEVEL = "-Owholemodule";
			};
			name = Release;
		};
		A153B2C51FC830B20086FA19 /* Debug */ = {
			isa = XCBuildConfiguration;
			buildSettings = {
				ASSETCATALOG_COMPILER_APPICON_NAME = AppIcon;
				CODE_SIGN_ENTITLEMENTS = "Clip Manager/Clip_Manager.entitlements";
				CODE_SIGN_STYLE = Automatic;
				COMBINE_HIDPI_IMAGES = YES;
				DEVELOPMENT_TEAM = P7795GB92R;
				FRAMEWORK_SEARCH_PATHS = (
					"$(inherited)",
					"$(PROJECT_DIR)/Clip\\ Manager/**",
				);
				HEADER_SEARCH_PATHS = "$(PROJECT_DIR)/$(PROJECT_NAME)/AMCoreAudio.framework/Headers";
				INFOPLIST_FILE = "Clip Manager/Info.plist";
				LD_RUNPATH_SEARCH_PATHS = "$(inherited) @executable_path/../Frameworks";
				PRODUCT_BUNDLE_IDENTIFIER = "andygdk.Clip-Manager";
				PRODUCT_NAME = "$(TARGET_NAME)";
				SWIFT_VERSION = 4.0;
			};
			name = Debug;
		};
		A153B2C61FC830B20086FA19 /* Release */ = {
			isa = XCBuildConfiguration;
			buildSettings = {
				ASSETCATALOG_COMPILER_APPICON_NAME = AppIcon;
				CODE_SIGN_ENTITLEMENTS = "Clip Manager/Clip_Manager.entitlements";
				CODE_SIGN_STYLE = Automatic;
				COMBINE_HIDPI_IMAGES = YES;
				DEVELOPMENT_TEAM = P7795GB92R;
				FRAMEWORK_SEARCH_PATHS = (
					"$(inherited)",
					"$(PROJECT_DIR)/Clip\\ Manager/**",
				);
				HEADER_SEARCH_PATHS = "$(PROJECT_DIR)/$(PROJECT_NAME)/AMCoreAudio.framework/Headers";
				INFOPLIST_FILE = "Clip Manager/Info.plist";
				LD_RUNPATH_SEARCH_PATHS = "$(inherited) @executable_path/../Frameworks";
				PRODUCT_BUNDLE_IDENTIFIER = "andygdk.Clip-Manager";
				PRODUCT_NAME = "$(TARGET_NAME)";
				SWIFT_VERSION = 4.0;
			};
			name = Release;
		};
		A153B2C81FC830B20086FA19 /* Debug */ = {
			isa = XCBuildConfiguration;
			buildSettings = {
				ALWAYS_EMBED_SWIFT_STANDARD_LIBRARIES = YES;
				BUNDLE_LOADER = "$(TEST_HOST)";
				CODE_SIGN_STYLE = Automatic;
				COMBINE_HIDPI_IMAGES = YES;
				DEVELOPMENT_TEAM = P7795GB92R;
				INFOPLIST_FILE = "Clip ManagerTests/Info.plist";
				LD_RUNPATH_SEARCH_PATHS = "$(inherited) @executable_path/../Frameworks @loader_path/../Frameworks";
				PRODUCT_BUNDLE_IDENTIFIER = "andygdk.Clip-ManagerTests";
				PRODUCT_NAME = "$(TARGET_NAME)";
				SWIFT_VERSION = 4.0;
				TEST_HOST = "$(BUILT_PRODUCTS_DIR)/Clip Manager.app/Contents/MacOS/Clip Manager";
			};
			name = Debug;
		};
		A153B2C91FC830B20086FA19 /* Release */ = {
			isa = XCBuildConfiguration;
			buildSettings = {
				ALWAYS_EMBED_SWIFT_STANDARD_LIBRARIES = YES;
				BUNDLE_LOADER = "$(TEST_HOST)";
				CODE_SIGN_STYLE = Automatic;
				COMBINE_HIDPI_IMAGES = YES;
				DEVELOPMENT_TEAM = P7795GB92R;
				INFOPLIST_FILE = "Clip ManagerTests/Info.plist";
				LD_RUNPATH_SEARCH_PATHS = "$(inherited) @executable_path/../Frameworks @loader_path/../Frameworks";
				PRODUCT_BUNDLE_IDENTIFIER = "andygdk.Clip-ManagerTests";
				PRODUCT_NAME = "$(TARGET_NAME)";
				SWIFT_VERSION = 4.0;
				TEST_HOST = "$(BUILT_PRODUCTS_DIR)/Clip Manager.app/Contents/MacOS/Clip Manager";
			};
			name = Release;
		};
		A153B2CB1FC830B20086FA19 /* Debug */ = {
			isa = XCBuildConfiguration;
			buildSettings = {
				ALWAYS_EMBED_SWIFT_STANDARD_LIBRARIES = YES;
				CODE_SIGN_STYLE = Automatic;
				COMBINE_HIDPI_IMAGES = YES;
				DEVELOPMENT_TEAM = P7795GB92R;
				INFOPLIST_FILE = "Clip ManagerUITests/Info.plist";
				LD_RUNPATH_SEARCH_PATHS = "$(inherited) @executable_path/../Frameworks @loader_path/../Frameworks";
				PRODUCT_BUNDLE_IDENTIFIER = "andygdk.Clip-ManagerUITests";
				PRODUCT_NAME = "$(TARGET_NAME)";
				SWIFT_VERSION = 4.0;
				TEST_TARGET_NAME = "Clip Manager";
			};
			name = Debug;
		};
		A153B2CC1FC830B20086FA19 /* Release */ = {
			isa = XCBuildConfiguration;
			buildSettings = {
				ALWAYS_EMBED_SWIFT_STANDARD_LIBRARIES = YES;
				CODE_SIGN_STYLE = Automatic;
				COMBINE_HIDPI_IMAGES = YES;
				DEVELOPMENT_TEAM = P7795GB92R;
				INFOPLIST_FILE = "Clip ManagerUITests/Info.plist";
				LD_RUNPATH_SEARCH_PATHS = "$(inherited) @executable_path/../Frameworks @loader_path/../Frameworks";
				PRODUCT_BUNDLE_IDENTIFIER = "andygdk.Clip-ManagerUITests";
				PRODUCT_NAME = "$(TARGET_NAME)";
				SWIFT_VERSION = 4.0;
				TEST_TARGET_NAME = "Clip Manager";
			};
			name = Release;
		};
/* End XCBuildConfiguration section */

/* Begin XCConfigurationList section */
		A153B2991FC830B10086FA19 /* Build configuration list for PBXProject "Clip Manager" */ = {
			isa = XCConfigurationList;
			buildConfigurations = (
				A153B2C21FC830B20086FA19 /* Debug */,
				A153B2C31FC830B20086FA19 /* Release */,
			);
			defaultConfigurationIsVisible = 0;
			defaultConfigurationName = Release;
		};
		A153B2C41FC830B20086FA19 /* Build configuration list for PBXNativeTarget "Clip Manager" */ = {
			isa = XCConfigurationList;
			buildConfigurations = (
				A153B2C51FC830B20086FA19 /* Debug */,
				A153B2C61FC830B20086FA19 /* Release */,
			);
			defaultConfigurationIsVisible = 0;
			defaultConfigurationName = Release;
		};
		A153B2C71FC830B20086FA19 /* Build configuration list for PBXNativeTarget "Clip ManagerTests" */ = {
			isa = XCConfigurationList;
			buildConfigurations = (
				A153B2C81FC830B20086FA19 /* Debug */,
				A153B2C91FC830B20086FA19 /* Release */,
			);
			defaultConfigurationIsVisible = 0;
			defaultConfigurationName = Release;
		};
		A153B2CA1FC830B20086FA19 /* Build configuration list for PBXNativeTarget "Clip ManagerUITests" */ = {
			isa = XCConfigurationList;
			buildConfigurations = (
				A153B2CB1FC830B20086FA19 /* Debug */,
				A153B2CC1FC830B20086FA19 /* Release */,
			);
			defaultConfigurationIsVisible = 0;
			defaultConfigurationName = Release;
		};
/* End XCConfigurationList section */
	};
	rootObject = A153B2961FC830B10086FA19 /* Project object */;
}
